
Microsoft Visual Studio Solution File, Format Version 12.00
# Visual Studio Version 17
VisualStudioVersion = 17.7.34221.43
MinimumVisualStudioVersion = 10.0.40219.1
Project("{9A19103F-16F7-4668-BE54-9A1E7A4F7556}") = "Antelcat.Avalonia.I18N", "Antelcat.Avalonia.I18N\Antelcat.Avalonia.I18N.csproj", "{170E0C73-4011-43E6-BAA9-34A371F92044}"
EndProject
Project("{D954291E-2A0B-460D-934E-DC6B0785DB48}") = "Antelcat.Shared.I18N", "..\extern\Antelcat.Wpf.I18N\src\Antelcat.Shared.I18N\Antelcat.Shared.I18N.shproj", "{28F904C6-3B6D-4140-90FF-62A6BD87B0C6}"
EndProject
Project("{2150E333-8FDC-42A3-9474-1A3956D46DE8}") = "Extern", "Extern", "{9EB247CE-2BC3-4FAF-A6BD-82CBFF42DC5B}"
EndProject
Project("{2150E333-8FDC-42A3-9474-1A3956D46DE8}") = "__", "__", "{399E7DF0-E0B2-4181-A31F-EFCEC63E73CB}"
EndProject
Project("{D954291E-2A0B-460D-934E-DC6B0785DB48}") = "Antelcat.Shared.I18N.SourceGenerators", "..\extern\Antelcat.Wpf.I18N\src\Antelcat.Shared.I18N.SourceGenerators\Antelcat.Shared.I18N.SourceGenerators.shproj", "{15D71DC2-F53D-42EC-85E4-4982F6E351A5}"
EndProject
Project("{9A19103F-16F7-4668-BE54-9A1E7A4F7556}") = "Antelcat.Avalonia.I18N.SourceGenerators", "Antelcat.Avalonia.I18N.SourceGenerators\Antelcat.Avalonia.I18N.SourceGenerators\Antelcat.Avalonia.I18N.SourceGenerators.csproj", "{AECE67EE-A77B-4D76-81AF-B3681CBDB061}"
EndProject
Project("{9A19103F-16F7-4668-BE54-9A1E7A4F7556}") = "Feast.CodeAnalysis.Extensions.SourceGenerators", "..\extern\Antelcat.Wpf.I18N\extern\CodeAnalysis.Extensions\src\Feast.CodeAnalysis.Extensions.SourceGenerators\Feast.CodeAnalysis.Extensions.SourceGenerators.csproj", "{94E2F592-7943-435A-9BFA-DE667874BF5C}"
EndProject
Global
	GlobalSection(SolutionConfigurationPlatforms) = preSolution
		Debug|Any CPU = Debug|Any CPU
		Release|Any CPU = Release|Any CPU
	EndGlobalSection
	GlobalSection(ProjectConfigurationPlatforms) = postSolution
		{170E0C73-4011-43E6-BAA9-34A371F92044}.Debug|Any CPU.ActiveCfg = Debug|Any CPU
		{170E0C73-4011-43E6-BAA9-34A371F92044}.Debug|Any CPU.Build.0 = Debug|Any CPU
		{170E0C73-4011-43E6-BAA9-34A371F92044}.Release|Any CPU.ActiveCfg = Release|Any CPU
		{170E0C73-4011-43E6-BAA9-34A371F92044}.Release|Any CPU.Build.0 = Release|Any CPU
		{AECE67EE-A77B-4D76-81AF-B3681CBDB061}.Debug|Any CPU.ActiveCfg = Debug|Any CPU
		{AECE67EE-A77B-4D76-81AF-B3681CBDB061}.Debug|Any CPU.Build.0 = Debug|Any CPU
		{AECE67EE-A77B-4D76-81AF-B3681CBDB061}.Release|Any CPU.ActiveCfg = Release|Any CPU
		{AECE67EE-A77B-4D76-81AF-B3681CBDB061}.Release|Any CPU.Build.0 = Release|Any CPU
		{94E2F592-7943-435A-9BFA-DE667874BF5C}.Debug|Any CPU.ActiveCfg = Debug|Any CPU
		{94E2F592-7943-435A-9BFA-DE667874BF5C}.Debug|Any CPU.Build.0 = Debug|Any CPU
		{94E2F592-7943-435A-9BFA-DE667874BF5C}.Release|Any CPU.ActiveCfg = Release|Any CPU
		{94E2F592-7943-435A-9BFA-DE667874BF5C}.Release|Any CPU.Build.0 = Release|Any CPU
	EndGlobalSection
	GlobalSection(SolutionProperties) = preSolution
		HideSolutionNode = FALSE
	EndGlobalSection
	GlobalSection(NestedProjects) = preSolution
		{94E2F592-7943-435A-9BFA-DE667874BF5C} = {9EB247CE-2BC3-4FAF-A6BD-82CBFF42DC5B}
	EndGlobalSection
	GlobalSection(SharedMSBuildProjectFiles) = preSolution
		..\extern\Antelcat.Wpf.I18N\src\Antelcat.Shared.I18N.SourceGenerators\Antelcat.Shared.I18N.SourceGenerators.projitems*{15d71dc2-f53d-42ec-85e4-4982f6e351a5}*SharedItemsImports = 13
		..\extern\Antelcat.Wpf.I18N\src\Antelcat.Shared.I18N\Antelcat.Shared.I18N.projitems*{170e0c73-4011-43e6-baa9-34a371f92044}*SharedItemsImports = 5
		..\extern\Antelcat.Wpf.I18N\src\Antelcat.Shared.I18N\Antelcat.Shared.I18N.projitems*{28f904c6-3b6d-4140-90ff-62a6bd87b0c6}*SharedItemsImports = 13
		..\extern\Antelcat.Wpf.I18N\extern\CodeAnalysis.Extensions\src\Feast.CodeAnalysis.Extensions.Shared\Feast.CodeAnalysis.Extensions.Shared.projitems*{94e2f592-7943-435a-9bfa-de667874bf5c}*SharedItemsImports = 5
		..\extern\Antelcat.Wpf.I18N\src\Antelcat.Shared.I18N.SourceGenerators\Antelcat.Shared.I18N.SourceGenerators.projitems*{aece67ee-a77b-4d76-81af-b3681cbdb061}*SharedItemsImports = 5
	EndGlobalSection
EndGlobal
